
Microsoft Visual Studio Solution File, Format Version 12.00
# Visual Studio Version 17
VisualStudioVersion = 17.11.35327.3
MinimumVisualStudioVersion = 10.0.40219.1
Project("{FAE04EC0-301F-11D3-BF4B-00C04F79EFBC}") = "TumakovDZ", "TumakovDZ\TumakovDZ.csproj", "{55EF634D-954F-4BCA-AD4F-B2976D0A1D3E}"
EndProject
Project("{FAE04EC0-301F-11D3-BF4B-00C04F79EFBC}") = "DZ", "DZ\DZ.csproj", "{A423233F-04F7-48B0-8EC9-94E33E26F441}"
EndProject
Global
	GlobalSection(SolutionConfigurationPlatforms) = preSolution
		Debug|Any CPU = Debug|Any CPU
		Release|Any CPU = Release|Any CPU
	EndGlobalSection
	GlobalSection(ProjectConfigurationPlatforms) = postSolution
		{55EF634D-954F-4BCA-AD4F-B2976D0A1D3E}.Debug|Any CPU.ActiveCfg = Debug|Any CPU
		{55EF634D-954F-4BCA-AD4F-B2976D0A1D3E}.Debug|Any CPU.Build.0 = Debug|Any CPU
		{55EF634D-954F-4BCA-AD4F-B2976D0A1D3E}.Release|Any CPU.ActiveCfg = Release|Any CPU
		{55EF634D-954F-4BCA-AD4F-B2976D0A1D3E}.Release|Any CPU.Build.0 = Release|Any CPU
		{A423233F-04F7-48B0-8EC9-94E33E26F441}.Debug|Any CPU.ActiveCfg = Debug|Any CPU
		{A423233F-04F7-48B0-8EC9-94E33E26F441}.Debug|Any CPU.Build.0 = Debug|Any CPU
		{A423233F-04F7-48B0-8EC9-94E33E26F441}.Release|Any CPU.ActiveCfg = Release|Any CPU
		{A423233F-04F7-48B0-8EC9-94E33E26F441}.Release|Any CPU.Build.0 = Release|Any CPU
	EndGlobalSection
	GlobalSection(SolutionProperties) = preSolution
		HideSolutionNode = FALSE
	EndGlobalSection
	GlobalSection(ExtensibilityGlobals) = postSolution
		SolutionGuid = {372011A5-6E20-4AA6-B215-02973BA0D124}
	EndGlobalSection
EndGlobal
